
Microsoft Visual Studio Solution File, Format Version 12.00
# Visual Studio 15
VisualStudioVersion = 15.0.27703.2042
MinimumVisualStudioVersion = 10.0.40219.1
Project("{FAE04EC0-301F-11D3-BF4B-00C04F79EFBC}") = "AdventureGuide", "AdventureGuide\AdventureGuide.csproj", "{593F9D2B-97A0-493D-870D-0DCCC9EACB08}"
EndProject
Global
	GlobalSection(SolutionConfigurationPlatforms) = preSolution
		Debug|Any CPU = Debug|Any CPU
		Release|Any CPU = Release|Any CPU
	EndGlobalSection
	GlobalSection(ProjectConfigurationPlatforms) = postSolution
		{593F9D2B-97A0-493D-870D-0DCCC9EACB08}.Debug|Any CPU.ActiveCfg = Debug|Any CPU
		{593F9D2B-97A0-493D-870D-0DCCC9EACB08}.Debug|Any CPU.Build.0 = Debug|Any CPU
		{593F9D2B-97A0-493D-870D-0DCCC9EACB08}.Release|Any CPU.ActiveCfg = Release|Any CPU
		{593F9D2B-97A0-493D-870D-0DCCC9EACB08}.Release|Any CPU.Build.0 = Release|Any CPU
	EndGlobalSection
	GlobalSection(SolutionProperties) = preSolution
		HideSolutionNode = FALSE
	EndGlobalSection
	GlobalSection(ExtensibilityGlobals) = postSolution
		SolutionGuid = {D78BFCBC-2ABF-4679-8D80-0F27FF85E95A}
	EndGlobalSection
EndGlobal
